
Microsoft Visual Studio Solution File, Format Version 12.00
# Visual Studio 14
VisualStudioVersion = 14.0.25420.1
MinimumVisualStudioVersion = 10.0.40219.1
Project("{8BC9CEB8-8B4A-11D0-8D11-00A0C91BC942}") = "MeshService", "MeshService\MeshService.vcxproj", "{CE5AD78C-DBDF-4D81-9A69-41B1DF683115}"
EndProject
Project("{8BC9CEB8-8B4A-11D0-8D11-00A0C91BC942}") = "MeshConsole", "MeshConsole\MeshConsole.vcxproj", "{E377F156-BAED-4086-B534-3CC43164607A}"
EndProject
Global
	GlobalSection(SolutionConfigurationPlatforms) = preSolution
		Debug_NoOpenSSL|x64 = Debug_NoOpenSSL|x64
		Debug_NoOpenSSL|x86 = Debug_NoOpenSSL|x86
		Debug|x64 = Debug|x64
		Debug|x86 = Debug|x86
		Library_Debug_NoOpenSSL|x64 = Library_Debug_NoOpenSSL|x64
		Library_Debug_NoOpenSSL|x86 = Library_Debug_NoOpenSSL|x86
		Library_Release_NoOpenSSL|x64 = Library_Release_NoOpenSSL|x64
		Library_Release_NoOpenSSL|x86 = Library_Release_NoOpenSSL|x86
		Release_NoOpenSSL|x64 = Release_NoOpenSSL|x64
		Release_NoOpenSSL|x86 = Release_NoOpenSSL|x86
		Release|x64 = Release|x64
		Release|x86 = Release|x86
	EndGlobalSection
	GlobalSection(ProjectConfigurationPlatforms) = postSolution
		{CE5AD78C-DBDF-4D81-9A69-41B1DF683115}.Debug_NoOpenSSL|x64.ActiveCfg = Debug_NoOpenSSL|x64
		{CE5AD78C-DBDF-4D81-9A69-41B1DF683115}.Debug_NoOpenSSL|x64.Build.0 = Debug_NoOpenSSL|x64
		{CE5AD78C-DBDF-4D81-9A69-41B1DF683115}.Debug_NoOpenSSL|x86.ActiveCfg = Debug_NoOpenSSL|Win32
		{CE5AD78C-DBDF-4D81-9A69-41B1DF683115}.Debug_NoOpenSSL|x86.Build.0 = Debug_NoOpenSSL|Win32
		{CE5AD78C-DBDF-4D81-9A69-41B1DF683115}.Debug|x64.ActiveCfg = Debug|x64
		{CE5AD78C-DBDF-4D81-9A69-41B1DF683115}.Debug|x64.Build.0 = Debug|x64
		{CE5AD78C-DBDF-4D81-9A69-41B1DF683115}.Debug|x86.ActiveCfg = Debug|Win32
		{CE5AD78C-DBDF-4D81-9A69-41B1DF683115}.Debug|x86.Build.0 = Debug|Win32
		{CE5AD78C-DBDF-4D81-9A69-41B1DF683115}.Library_Debug_NoOpenSSL|x64.ActiveCfg = Debug_NoOpenSSL|x64
		{CE5AD78C-DBDF-4D81-9A69-41B1DF683115}.Library_Debug_NoOpenSSL|x86.ActiveCfg = Debug_NoOpenSSL|Win32
		{CE5AD78C-DBDF-4D81-9A69-41B1DF683115}.Library_Release_NoOpenSSL|x64.ActiveCfg = Release_NoOpenSSL|x64
		{CE5AD78C-DBDF-4D81-9A69-41B1DF683115}.Library_Release_NoOpenSSL|x86.ActiveCfg = Release_NoOpenSSL|Win32
		{CE5AD78C-DBDF-4D81-9A69-41B1DF683115}.Release_NoOpenSSL|x64.ActiveCfg = Release_NoOpenSSL|x64
		{CE5AD78C-DBDF-4D81-9A69-41B1DF683115}.Release_NoOpenSSL|x64.Build.0 = Release_NoOpenSSL|x64
		{CE5AD78C-DBDF-4D81-9A69-41B1DF683115}.Release_NoOpenSSL|x86.ActiveCfg = Release_NoOpenSSL|Win32
		{CE5AD78C-DBDF-4D81-9A69-41B1DF683115}.Release_NoOpenSSL|x86.Build.0 = Release_NoOpenSSL|Win32
		{CE5AD78C-DBDF-4D81-9A69-41B1DF683115}.Release|x64.ActiveCfg = Release|x64
		{CE5AD78C-DBDF-4D81-9A69-41B1DF683115}.Release|x64.Build.0 = Release|x64
		{CE5AD78C-DBDF-4D81-9A69-41B1DF683115}.Release|x86.ActiveCfg = Release|Win32
		{CE5AD78C-DBDF-4D81-9A69-41B1DF683115}.Release|x86.Build.0 = Release|Win32
		{E377F156-BAED-4086-B534-3CC43164607A}.Debug_NoOpenSSL|x64.ActiveCfg = Debug_NoOpenSSL|x64
		{E377F156-BAED-4086-B534-3CC43164607A}.Debug_NoOpenSSL|x64.Build.0 = Debug_NoOpenSSL|x64
		{E377F156-BAED-4086-B534-3CC43164607A}.Debug_NoOpenSSL|x86.ActiveCfg = Debug_NoOpenSSL|Win32
		{E377F156-BAED-4086-B534-3CC43164607A}.Debug_NoOpenSSL|x86.Build.0 = Debug_NoOpenSSL|Win32
		{E377F156-BAED-4086-B534-3CC43164607A}.Debug|x64.ActiveCfg = Debug|x64
		{E377F156-BAED-4086-B534-3CC43164607A}.Debug|x64.Build.0 = Debug|x64
		{E377F156-BAED-4086-B534-3CC43164607A}.Debug|x86.ActiveCfg = Debug|Win32
		{E377F156-BAED-4086-B534-3CC43164607A}.Debug|x86.Build.0 = Debug|Win32
		{E377F156-BAED-4086-B534-3CC43164607A}.Library_Debug_NoOpenSSL|x64.ActiveCfg = Library_Debug_NoOpenSSL|x64
		{E377F156-BAED-4086-B534-3CC43164607A}.Library_Debug_NoOpenSSL|x64.Build.0 = Library_Debug_NoOpenSSL|x64
		{E377F156-BAED-4086-B534-3CC43164607A}.Library_Debug_NoOpenSSL|x86.ActiveCfg = Library_Debug_NoOpenSSL|Win32
		{E377F156-BAED-4086-B534-3CC43164607A}.Library_Debug_NoOpenSSL|x86.Build.0 = Library_Debug_NoOpenSSL|Win32
		{E377F156-BAED-4086-B534-3CC43164607A}.Library_Release_NoOpenSSL|x64.ActiveCfg = Library_Release_NoOpenSSL|x64
		{E377F156-BAED-4086-B534-3CC43164607A}.Library_Release_NoOpenSSL|x64.Build.0 = Library_Release_NoOpenSSL|x64
		{E377F156-BAED-4086-B534-3CC43164607A}.Library_Release_NoOpenSSL|x86.ActiveCfg = Library_Release_NoOpenSSL|Win32
		{E377F156-BAED-4086-B534-3CC43164607A}.Library_Release_NoOpenSSL|x86.Build.0 = Library_Release_NoOpenSSL|Win32
		{E377F156-BAED-4086-B534-3CC43164607A}.Release_NoOpenSSL|x64.ActiveCfg = Release_NoOpenSSL|x64
		{E377F156-BAED-4086-B534-3CC43164607A}.Release_NoOpenSSL|x64.Build.0 = Release_NoOpenSSL|x64
		{E377F156-BAED-4086-B534-3CC43164607A}.Release_NoOpenSSL|x86.ActiveCfg = Release_NoOpenSSL|Win32
		{E377F156-BAED-4086-B534-3CC43164607A}.Release_NoOpenSSL|x86.Build.0 = Release_NoOpenSSL|Win32
		{E377F156-BAED-4086-B534-3CC43164607A}.Release|x64.ActiveCfg = Release|x64
		{E377F156-BAED-4086-B534-3CC43164607A}.Release|x64.Build.0 = Release|x64
		{E377F156-BAED-4086-B534-3CC43164607A}.Release|x86.ActiveCfg = Release|Win32
		{E377F156-BAED-4086-B534-3CC43164607A}.Release|x86.Build.0 = Release|Win32
	EndGlobalSection
	GlobalSection(SolutionProperties) = preSolution
		HideSolutionNode = FALSE
	EndGlobalSection
EndGlobal
