<?xml version="1.0" encoding="utf-8"?>
<Project ToolsVersion="4.0" xmlns="http://schemas.microsoft.com/developer/msbuild/2003">
  <ItemGroup>
    <Filter Include="Source Files">
      <UniqueIdentifier>{4FC737F1-C7A5-4376-A066-2A32D752A2FF}</UniqueIdentifier>
      <Extensions>cpp;c;cc;cxx;def;odl;idl;hpj;bat;asm;asmx</Extensions>
    </Filter>
    <Filter Include="Header Files">
      <UniqueIdentifier>{93995380-89BD-4b04-88EB-625FBE52EBFB}</UniqueIdentifier>
      <Extensions>h;hpp;hxx;hm;inl;inc;xsd</Extensions>
    </Filter>
    <Filter Include="Resource Files">
      <UniqueIdentifier>{67DA6AB6-F800-4c08-8B7A-83BB121AAD01}</UniqueIdentifier>
      <Extensions>rc;ico;cur;bmp;dlg;rc2;rct;bin;rgs;gif;jpg;jpeg;jpe;resx;tiff;tif;png;wav</Extensions>
    </Filter>
    <Filter Include="microstack">
      <UniqueIdentifier>{1b4b4360-c108-47a8-80ae-f3dfa0a7812e}</UniqueIdentifier>
    </Filter>
    <Filter Include="LMS">
      <UniqueIdentifier>{a455730f-2a1c-4da6-97db-902d9bd2ab59}</UniqueIdentifier>
    </Filter>
  </ItemGroup>
  <ItemGroup>
    <ClCompile Include="..\heci\LMEConnection.c">
      <Filter>Source Files</Filter>
    </ClCompile>
    <ClCompile Include="..\heci\HECIWin.c">
      <Filter>Source Files</Filter>
    </ClCompile>
    <ClCompile Include="..\heci\PTHICommand.c">
      <Filter>Source Files</Filter>
    </ClCompile>
    <ClCompile Include="ServiceMain.c">
      <Filter>Source Files</Filter>
    </ClCompile>
    <ClCompile Include="..\..\microstack\ILibAsyncServerSocket.c">
      <Filter>microstack</Filter>
    </ClCompile>
    <ClCompile Include="..\..\microstack\ILibAsyncSocket.c">
      <Filter>microstack</Filter>
    </ClCompile>
    <ClCompile Include="..\..\microstack\ILibParsers.c">
      <Filter>microstack</Filter>
    </ClCompile>
    <ClCompile Include="..\..\microstack\ILibWebClient.c">
      <Filter>microstack</Filter>
    </ClCompile>
    <ClCompile Include="..\..\microstack\ILibWebServer.c">
      <Filter>microstack</Filter>
    </ClCompile>
    <ClCompile Include="..\..\microstack\md5.c">
      <Filter>microstack</Filter>
    </ClCompile>
    <ClCompile Include="..\..\microstack\sha1.c">
      <Filter>microstack</Filter>
    </ClCompile>
    <ClCompile Include="..\..\microstack\ILibCrypto.c">
      <Filter>microstack</Filter>
    </ClCompile>
    <ClCompile Include="..\lms\ILibLMS.c">
      <Filter>LMS</Filter>
    </ClCompile>
  </ItemGroup>
  <ItemGroup>
    <ClInclude Include="stdafx.h">
      <Filter>Header Files</Filter>
    </ClInclude>
    <ClInclude Include="targetver.h">
      <Filter>Header Files</Filter>
    </ClInclude>
    <ClInclude Include="resource.h">
      <Filter>Header Files</Filter>
    </ClInclude>
    <ClInclude Include="..\heci\LMEConnection.h">
      <Filter>Header Files</Filter>
    </ClInclude>
    <ClInclude Include="..\heci\LMS_if.h">
      <Filter>Header Files</Filter>
    </ClInclude>
    <ClInclude Include="..\heci\LMS_if_constants.h">
      <Filter>Header Files</Filter>
    </ClInclude>
    <ClInclude Include="..\heci\HECI_if.h">
      <Filter>Header Files</Filter>
    </ClInclude>
    <ClInclude Include="..\heci\HECIWin.h">
      <Filter>Header Files</Filter>
    </ClInclude>
    <ClInclude Include="..\heci\PTHICommand.h">
      <Filter>Header Files</Filter>
    </ClInclude>
    <ClInclude Include="..\heci\StatusCodeDefinitions.h">
      <Filter>Header Files</Filter>
    </ClInclude>
    <ClInclude Include="..\..\microstack\ILibCrypto.h">
      <Filter>microstack</Filter>
    </ClInclude>
    <ClInclude Include="..\..\microstack\ILibAsyncServerSocket.h">
      <Filter>microstack</Filter>
    </ClInclude>
    <ClInclude Include="..\..\microstack\ILibAsyncSocket.h">
      <Filter>microstack</Filter>
    </ClInclude>
    <ClInclude Include="..\..\microstack\ILibParsers.h">
      <Filter>microstack</Filter>
    </ClInclude>
    <ClInclude Include="..\..\microstack\ILibWebClient.h">
      <Filter>microstack</Filter>
    </ClInclude>
    <ClInclude Include="..\..\microstack\ILibWebServer.h">
      <Filter>microstack</Filter>
    </ClInclude>
    <ClInclude Include="..\lms\ILibLMS.h">
      <Filter>LMS</Filter>
    </ClInclude>
    <ClInclude Include="..\lms\ILibLMS-WebSite.h">
      <Filter>LMS</Filter>
    </ClInclude>
  </ItemGroup>
  <ItemGroup>
    <ResourceCompile Include="MicroLMSService.rc">
      <Filter>Resource Files</Filter>
    </ResourceCompile>
  </ItemGroup>
  <ItemGroup>
    <Image Include="..\..\media\MeshController.ico">
      <Filter>Resource Files</Filter>
    </Image>
    <Image Include="MeshController.ico">
      <Filter>Resource Files</Filter>
    </Image>
  </ItemGroup>
</Project>